
Microsoft Visual Studio Solution File, Format Version 12.00
# Visual Studio Version 16
VisualStudioVersion = 16.0.29209.62
MinimumVisualStudioVersion = 10.0.40219.1
Project("{8BC9CEB8-8B4A-11D0-8D11-00A0C91BC942}") = "16926_array_rotation1", "16926_array_rotation1\16926_array_rotation1.vcxproj", "{3BD091E4-5A64-4914-99ED-089BB2258D26}"
EndProject
Global
	GlobalSection(SolutionConfigurationPlatforms) = preSolution
		Debug|x64 = Debug|x64
		Debug|x86 = Debug|x86
		Release|x64 = Release|x64
		Release|x86 = Release|x86
	EndGlobalSection
	GlobalSection(ProjectConfigurationPlatforms) = postSolution
		{3BD091E4-5A64-4914-99ED-089BB2258D26}.Debug|x64.ActiveCfg = Debug|x64
		{3BD091E4-5A64-4914-99ED-089BB2258D26}.Debug|x64.Build.0 = Debug|x64
		{3BD091E4-5A64-4914-99ED-089BB2258D26}.Debug|x86.ActiveCfg = Debug|Win32
		{3BD091E4-5A64-4914-99ED-089BB2258D26}.Debug|x86.Build.0 = Debug|Win32
		{3BD091E4-5A64-4914-99ED-089BB2258D26}.Release|x64.ActiveCfg = Release|x64
		{3BD091E4-5A64-4914-99ED-089BB2258D26}.Release|x64.Build.0 = Release|x64
		{3BD091E4-5A64-4914-99ED-089BB2258D26}.Release|x86.ActiveCfg = Release|Win32
		{3BD091E4-5A64-4914-99ED-089BB2258D26}.Release|x86.Build.0 = Release|Win32
	EndGlobalSection
	GlobalSection(SolutionProperties) = preSolution
		HideSolutionNode = FALSE
	EndGlobalSection
	GlobalSection(ExtensibilityGlobals) = postSolution
		SolutionGuid = {77C33507-0886-4B2B-8F37-FD94ECBA546A}
	EndGlobalSection
EndGlobal
